
Microsoft Visual Studio Solution File, Format Version 12.00
# Visual Studio Version 16
VisualStudioVersion = 16.0.29326.143
MinimumVisualStudioVersion = 10.0.40219.1
Project("{9A19103F-16F7-4668-BE54-9A1E7A4F7556}") = "HelloWorldFinal", "HelloWorldFinal\HelloWorldFinal.csproj", "{A9A19B9C-3490-4FB8-8AAE-CB36FB5BA582}"
EndProject
Project("{2150E333-8FDC-42A3-9474-1A3956D46DE8}") = "Docker", "Docker", "{4C779B90-FD21-4571-99B8-B893ECD40D89}"
	ProjectSection(SolutionItems) = preProject
		.dockerignore = .dockerignore
		Dockerfile = Dockerfile
		Dockerfile.debian-arm32-selfcontained = Dockerfile.debian-arm32-selfcontained
		Publish.txt = Publish.txt
	EndProjectSection
EndProject
Project("{9A19103F-16F7-4668-BE54-9A1E7A4F7556}") = "Services", "Services\Services.csproj", "{D75CDC1A-8F72-4B68-AB5A-ABF217B99E01}"
EndProject
Global
	GlobalSection(SolutionConfigurationPlatforms) = preSolution
		Debug|Any CPU = Debug|Any CPU
		Release|Any CPU = Release|Any CPU
	EndGlobalSection
	GlobalSection(ProjectConfigurationPlatforms) = postSolution
		{A9A19B9C-3490-4FB8-8AAE-CB36FB5BA582}.Debug|Any CPU.ActiveCfg = Debug|Any CPU
		{A9A19B9C-3490-4FB8-8AAE-CB36FB5BA582}.Debug|Any CPU.Build.0 = Debug|Any CPU
		{A9A19B9C-3490-4FB8-8AAE-CB36FB5BA582}.Release|Any CPU.ActiveCfg = Release|Any CPU
		{A9A19B9C-3490-4FB8-8AAE-CB36FB5BA582}.Release|Any CPU.Build.0 = Release|Any CPU
		{D75CDC1A-8F72-4B68-AB5A-ABF217B99E01}.Debug|Any CPU.ActiveCfg = Debug|Any CPU
		{D75CDC1A-8F72-4B68-AB5A-ABF217B99E01}.Debug|Any CPU.Build.0 = Debug|Any CPU
		{D75CDC1A-8F72-4B68-AB5A-ABF217B99E01}.Release|Any CPU.ActiveCfg = Release|Any CPU
		{D75CDC1A-8F72-4B68-AB5A-ABF217B99E01}.Release|Any CPU.Build.0 = Release|Any CPU
	EndGlobalSection
	GlobalSection(SolutionProperties) = preSolution
		HideSolutionNode = FALSE
	EndGlobalSection
	GlobalSection(ExtensibilityGlobals) = postSolution
		SolutionGuid = {C4A8549F-A620-4092-B682-A41BA910A597}
	EndGlobalSection
EndGlobal
